
Microsoft Visual Studio Solution File, Format Version 12.00
# Visual Studio 15
VisualStudioVersion = 15.0.27130.2036
MinimumVisualStudioVersion = 10.0.40219.1
Project("{FAE04EC0-301F-11D3-BF4B-00C04F79EFBC}") = "DBInterface", "DBInterface\DBInterface.csproj", "{8B442A6E-2784-4700-8E93-EE61B5FF52F1}"
EndProject
Project("{FAE04EC0-301F-11D3-BF4B-00C04F79EFBC}") = "DBInterface.Unit.Test", "DBInterface.Unit.Test\DBInterface.Unit.Test.csproj", "{CE3E850D-094F-42C7-8ED0-B928EABCCD90}"
EndProject
Global
	GlobalSection(SolutionConfigurationPlatforms) = preSolution
		Debug|Any CPU = Debug|Any CPU
		Release|Any CPU = Release|Any CPU
	EndGlobalSection
	GlobalSection(ProjectConfigurationPlatforms) = postSolution
		{8B442A6E-2784-4700-8E93-EE61B5FF52F1}.Debug|Any CPU.ActiveCfg = Debug|Any CPU
		{8B442A6E-2784-4700-8E93-EE61B5FF52F1}.Debug|Any CPU.Build.0 = Debug|Any CPU
		{8B442A6E-2784-4700-8E93-EE61B5FF52F1}.Release|Any CPU.ActiveCfg = Release|Any CPU
		{8B442A6E-2784-4700-8E93-EE61B5FF52F1}.Release|Any CPU.Build.0 = Release|Any CPU
		{CE3E850D-094F-42C7-8ED0-B928EABCCD90}.Debug|Any CPU.ActiveCfg = Debug|Any CPU
		{CE3E850D-094F-42C7-8ED0-B928EABCCD90}.Debug|Any CPU.Build.0 = Debug|Any CPU
		{CE3E850D-094F-42C7-8ED0-B928EABCCD90}.Release|Any CPU.ActiveCfg = Release|Any CPU
		{CE3E850D-094F-42C7-8ED0-B928EABCCD90}.Release|Any CPU.Build.0 = Release|Any CPU
	EndGlobalSection
	GlobalSection(SolutionProperties) = preSolution
		HideSolutionNode = FALSE
	EndGlobalSection
	GlobalSection(ExtensibilityGlobals) = postSolution
		SolutionGuid = {08F1E37B-98F9-4E86-8988-333C5565B36A}
	EndGlobalSection
EndGlobal
